
Microsoft Visual Studio Solution File, Format Version 12.00
# Visual Studio Version 17
VisualStudioVersion = 17.1.32421.90
MinimumVisualStudioVersion = 10.0.40219.1
Project("{9A19103F-16F7-4668-BE54-9A1E7A4F7556}") = "DentisBooking.Api", "DentisBooking.Api\DentisBooking.Api.csproj", "{52D1E783-01E4-4ECC-8480-9BC9D7CE5BB6}"
EndProject
Project("{9A19103F-16F7-4668-BE54-9A1E7A4F7556}") = "DentisBooking.Data", "DentisBooking.Data\DentisBooking.Data.csproj", "{68FD562E-EA77-4842-9982-42C9DFE5532F}"
EndProject
Project("{9A19103F-16F7-4668-BE54-9A1E7A4F7556}") = "DentistBooking.Application", "DentistBooking.Application\DentistBooking.Application.csproj", "{A0F4302D-0E75-427D-9B71-425AC1DB4D99}"
EndProject
Project("{9A19103F-16F7-4668-BE54-9A1E7A4F7556}") = "DentistBooking.ViewModels", "DentistBooking.ViewModels\DentistBooking.ViewModels.csproj", "{CC3D1570-3E33-465B-93A8-369294976E33}"
EndProject
Global
	GlobalSection(SolutionConfigurationPlatforms) = preSolution
		Debug|Any CPU = Debug|Any CPU
		Release|Any CPU = Release|Any CPU
	EndGlobalSection
	GlobalSection(ProjectConfigurationPlatforms) = postSolution
		{52D1E783-01E4-4ECC-8480-9BC9D7CE5BB6}.Debug|Any CPU.ActiveCfg = Release|Any CPU
		{52D1E783-01E4-4ECC-8480-9BC9D7CE5BB6}.Debug|Any CPU.Build.0 = Release|Any CPU
		{52D1E783-01E4-4ECC-8480-9BC9D7CE5BB6}.Release|Any CPU.ActiveCfg = Release|Any CPU
		{52D1E783-01E4-4ECC-8480-9BC9D7CE5BB6}.Release|Any CPU.Build.0 = Release|Any CPU
		{68FD562E-EA77-4842-9982-42C9DFE5532F}.Debug|Any CPU.ActiveCfg = Release|Any CPU
		{68FD562E-EA77-4842-9982-42C9DFE5532F}.Debug|Any CPU.Build.0 = Release|Any CPU
		{68FD562E-EA77-4842-9982-42C9DFE5532F}.Release|Any CPU.ActiveCfg = Release|Any CPU
		{68FD562E-EA77-4842-9982-42C9DFE5532F}.Release|Any CPU.Build.0 = Release|Any CPU
		{A0F4302D-0E75-427D-9B71-425AC1DB4D99}.Debug|Any CPU.ActiveCfg = Release|Any CPU
		{A0F4302D-0E75-427D-9B71-425AC1DB4D99}.Debug|Any CPU.Build.0 = Release|Any CPU
		{A0F4302D-0E75-427D-9B71-425AC1DB4D99}.Release|Any CPU.ActiveCfg = Release|Any CPU
		{A0F4302D-0E75-427D-9B71-425AC1DB4D99}.Release|Any CPU.Build.0 = Release|Any CPU
		{CC3D1570-3E33-465B-93A8-369294976E33}.Debug|Any CPU.ActiveCfg = Release|Any CPU
		{CC3D1570-3E33-465B-93A8-369294976E33}.Debug|Any CPU.Build.0 = Release|Any CPU
		{CC3D1570-3E33-465B-93A8-369294976E33}.Release|Any CPU.ActiveCfg = Release|Any CPU
		{CC3D1570-3E33-465B-93A8-369294976E33}.Release|Any CPU.Build.0 = Release|Any CPU
	EndGlobalSection
	GlobalSection(SolutionProperties) = preSolution
		HideSolutionNode = FALSE
	EndGlobalSection
	GlobalSection(ExtensibilityGlobals) = postSolution
		SolutionGuid = {EB2E9F05-DD8D-4605-B23E-859E8A204A7B}
	EndGlobalSection
EndGlobal
